
Microsoft Visual Studio Solution File, Format Version 12.00
# Visual Studio Version 16
VisualStudioVersion = 16.0.29509.3
MinimumVisualStudioVersion = 10.0.40219.1
Project("{FAE04EC0-301F-11D3-BF4B-00C04F79EFBC}") = "SpartaGlobal_BugTracker", "SpartaGlobal_BugTracker\SpartaGlobal_BugTracker.csproj", "{B205B384-6509-4CC5-A278-5ECA314841B5}"
EndProject
Global
	GlobalSection(SolutionConfigurationPlatforms) = preSolution
		Debug|Any CPU = Debug|Any CPU
		Release|Any CPU = Release|Any CPU
	EndGlobalSection
	GlobalSection(ProjectConfigurationPlatforms) = postSolution
		{B205B384-6509-4CC5-A278-5ECA314841B5}.Debug|Any CPU.ActiveCfg = Debug|Any CPU
		{B205B384-6509-4CC5-A278-5ECA314841B5}.Debug|Any CPU.Build.0 = Debug|Any CPU
		{B205B384-6509-4CC5-A278-5ECA314841B5}.Release|Any CPU.ActiveCfg = Release|Any CPU
		{B205B384-6509-4CC5-A278-5ECA314841B5}.Release|Any CPU.Build.0 = Release|Any CPU
	EndGlobalSection
	GlobalSection(SolutionProperties) = preSolution
		HideSolutionNode = FALSE
	EndGlobalSection
	GlobalSection(ExtensibilityGlobals) = postSolution
		SolutionGuid = {F1082668-B583-46EC-8401-C3CBB92E6C70}
	EndGlobalSection
EndGlobal
